
Microsoft Visual Studio Solution File, Format Version 12.00
# Visual Studio Version 17
VisualStudioVersion = 17.0.31903.59
MinimumVisualStudioVersion = 10.0.40219.1
Project("{2150E333-8FDC-42A3-9474-1A3956D46DE8}") = "Source", "Source", "{9AB39F10-894F-440E-B7D5-6FB800A2A1C3}"
EndProject
Project("{FAE04EC0-301F-11D3-BF4B-00C04F79EFBC}") = "Specifications.Abstractions", "Source\Abstractions\Specifications.Abstractions.csproj", "{C1AEE78A-82EE-4E05-BBB7-9534939CD9B6}"
EndProject
Project("{FAE04EC0-301F-11D3-BF4B-00C04F79EFBC}") = "Specifications.NUnit", "Source\NUnit\Specifications.NUnit.csproj", "{6FE1FE5F-BAAE-4DB2-A19F-6031B582F856}"
EndProject
Project("{FAE04EC0-301F-11D3-BF4B-00C04F79EFBC}") = "Specifications.XUnit", "Source\XUnit\Specifications.XUnit.csproj", "{F6CC851E-F0C8-4048-8A25-A730D4CA5610}"
EndProject
Project("{2150E333-8FDC-42A3-9474-1A3956D46DE8}") = "Tests", "Tests", "{E3B4037B-33A4-4B1D-91E9-3477AA1BD642}"
EndProject
Project("{FAE04EC0-301F-11D3-BF4B-00C04F79EFBC}") = "Specifications.NUnit.Tests", "Tests\NUnit.Tests\Specifications.NUnit.Tests.csproj", "{B81A807A-DB29-4CFC-8DDA-9A3236E4BF04}"
EndProject
Project("{FAE04EC0-301F-11D3-BF4B-00C04F79EFBC}") = "Specifications.XUnit.Tests", "Tests\XUnit.Tests\Specifications.XUnit.Tests.csproj", "{37721B82-2C6D-43FB-90EA-A878E540519A}"
EndProject
Global
	GlobalSection(SolutionConfigurationPlatforms) = preSolution
		Debug|Any CPU = Debug|Any CPU
		Release|Any CPU = Release|Any CPU
	EndGlobalSection
	GlobalSection(SolutionProperties) = preSolution
		HideSolutionNode = FALSE
	EndGlobalSection
	GlobalSection(ProjectConfigurationPlatforms) = postSolution
		{C1AEE78A-82EE-4E05-BBB7-9534939CD9B6}.Debug|Any CPU.ActiveCfg = Debug|Any CPU
		{C1AEE78A-82EE-4E05-BBB7-9534939CD9B6}.Debug|Any CPU.Build.0 = Debug|Any CPU
		{C1AEE78A-82EE-4E05-BBB7-9534939CD9B6}.Release|Any CPU.ActiveCfg = Release|Any CPU
		{C1AEE78A-82EE-4E05-BBB7-9534939CD9B6}.Release|Any CPU.Build.0 = Release|Any CPU
		{6FE1FE5F-BAAE-4DB2-A19F-6031B582F856}.Debug|Any CPU.ActiveCfg = Debug|Any CPU
		{6FE1FE5F-BAAE-4DB2-A19F-6031B582F856}.Debug|Any CPU.Build.0 = Debug|Any CPU
		{6FE1FE5F-BAAE-4DB2-A19F-6031B582F856}.Release|Any CPU.ActiveCfg = Release|Any CPU
		{6FE1FE5F-BAAE-4DB2-A19F-6031B582F856}.Release|Any CPU.Build.0 = Release|Any CPU
		{F6CC851E-F0C8-4048-8A25-A730D4CA5610}.Debug|Any CPU.ActiveCfg = Debug|Any CPU
		{F6CC851E-F0C8-4048-8A25-A730D4CA5610}.Debug|Any CPU.Build.0 = Debug|Any CPU
		{F6CC851E-F0C8-4048-8A25-A730D4CA5610}.Release|Any CPU.ActiveCfg = Release|Any CPU
		{F6CC851E-F0C8-4048-8A25-A730D4CA5610}.Release|Any CPU.Build.0 = Release|Any CPU
		{B81A807A-DB29-4CFC-8DDA-9A3236E4BF04}.Debug|Any CPU.ActiveCfg = Debug|Any CPU
		{B81A807A-DB29-4CFC-8DDA-9A3236E4BF04}.Debug|Any CPU.Build.0 = Debug|Any CPU
		{B81A807A-DB29-4CFC-8DDA-9A3236E4BF04}.Release|Any CPU.ActiveCfg = Release|Any CPU
		{B81A807A-DB29-4CFC-8DDA-9A3236E4BF04}.Release|Any CPU.Build.0 = Release|Any CPU
		{37721B82-2C6D-43FB-90EA-A878E540519A}.Debug|Any CPU.ActiveCfg = Debug|Any CPU
		{37721B82-2C6D-43FB-90EA-A878E540519A}.Debug|Any CPU.Build.0 = Debug|Any CPU
		{37721B82-2C6D-43FB-90EA-A878E540519A}.Release|Any CPU.ActiveCfg = Release|Any CPU
		{37721B82-2C6D-43FB-90EA-A878E540519A}.Release|Any CPU.Build.0 = Release|Any CPU
	EndGlobalSection
	GlobalSection(NestedProjects) = preSolution
		{C1AEE78A-82EE-4E05-BBB7-9534939CD9B6} = {9AB39F10-894F-440E-B7D5-6FB800A2A1C3}
		{6FE1FE5F-BAAE-4DB2-A19F-6031B582F856} = {9AB39F10-894F-440E-B7D5-6FB800A2A1C3}
		{F6CC851E-F0C8-4048-8A25-A730D4CA5610} = {9AB39F10-894F-440E-B7D5-6FB800A2A1C3}
		{B81A807A-DB29-4CFC-8DDA-9A3236E4BF04} = {E3B4037B-33A4-4B1D-91E9-3477AA1BD642}
		{37721B82-2C6D-43FB-90EA-A878E540519A} = {E3B4037B-33A4-4B1D-91E9-3477AA1BD642}
	EndGlobalSection
EndGlobal
