
Microsoft Visual Studio Solution File, Format Version 12.00
# Visual Studio Version 17
VisualStudioVersion = 17.0.31903.59
MinimumVisualStudioVersion = 10.0.40219.1
Project("{FAE04EC0-301F-11D3-BF4B-00C04F79EFBC}") = "Woksin.Extensions", "All\Woksin.Extensions.csproj", "{91BFA163-24C9-4E56-B85C-04F99A039A6F}"
EndProject
Project("{2150E333-8FDC-42A3-9474-1A3956D46DE8}") = "IoC", "IoC", "{4EFA878F-3CC6-40C7-99EC-93FB03EE2EC4}"
EndProject
Project("{2150E333-8FDC-42A3-9474-1A3956D46DE8}") = "Source", "Source", "{7E4D1D32-1DA6-4CFD-ABAE-D4D0D3655E35}"
EndProject
Project("{FAE04EC0-301F-11D3-BF4B-00C04F79EFBC}") = "IoC.Autofac", "IoC\Source\Autofac\IoC.Autofac.csproj", "{E7B624F3-7929-417B-A192-02B15D757D8B}"
EndProject
Project("{FAE04EC0-301F-11D3-BF4B-00C04F79EFBC}") = "IoC.Core", "IoC\Source\Core\IoC.Core.csproj", "{6F972641-A705-43D9-92B7-D6D8306930EA}"
EndProject
Project("{FAE04EC0-301F-11D3-BF4B-00C04F79EFBC}") = "IoC.Microsoft", "IoC\Source\Microsoft\IoC.Microsoft.csproj", "{144AFDC2-29FF-43BB-92C6-BD09E05E0ABD}"
EndProject
Project("{FAE04EC0-301F-11D3-BF4B-00C04F79EFBC}") = "IoC.Tests", "IoC\Tests\IoC.Tests.csproj", "{D8BA8598-FA0E-4359-80D1-E726D96F5EAB}"
EndProject
Project("{2150E333-8FDC-42A3-9474-1A3956D46DE8}") = "Configurations", "Configurations", "{694E033B-4A37-4C6F-8061-433F4DF84134}"
EndProject
Project("{FAE04EC0-301F-11D3-BF4B-00C04F79EFBC}") = "Configurations", "Configurations\Source\Configurations.csproj", "{D2AAEBF9-0566-4A74-BE17-F01C68E30634}"
EndProject
Project("{FAE04EC0-301F-11D3-BF4B-00C04F79EFBC}") = "Configurations.Tests", "Configurations\Tests\Configurations.Tests.csproj", "{4E42A64A-AB2A-4C8E-890D-0C467B5218DD}"
EndProject
Project("{2150E333-8FDC-42A3-9474-1A3956D46DE8}") = "Specifications", "Specifications", "{3758E986-89BA-4904-B33A-D53FE2BF782A}"
EndProject
Project("{2150E333-8FDC-42A3-9474-1A3956D46DE8}") = "Source", "Source", "{EA2ACD98-B1D5-4565-BCD4-D49993A4D3EF}"
EndProject
Project("{FAE04EC0-301F-11D3-BF4B-00C04F79EFBC}") = "Specifications.Abstractions", "Specifications\Source\Abstractions\Specifications.Abstractions.csproj", "{3BD2CA6B-9F54-4EA8-BC37-47CBD9F883BD}"
EndProject
Project("{FAE04EC0-301F-11D3-BF4B-00C04F79EFBC}") = "Specifications.NUnit", "Specifications\Source\NUnit\Specifications.NUnit.csproj", "{94905AA6-36E0-40DC-B39B-77E2C4DAD4FA}"
EndProject
Project("{FAE04EC0-301F-11D3-BF4B-00C04F79EFBC}") = "Specifications.XUnit", "Specifications\Source\XUnit\Specifications.XUnit.csproj", "{0A1AA0A3-A38F-4D41-9650-F14588196CF5}"
EndProject
Project("{2150E333-8FDC-42A3-9474-1A3956D46DE8}") = "Tests", "Tests", "{330FBD19-DC7A-4261-A92F-FEBA18F20B83}"
EndProject
Project("{FAE04EC0-301F-11D3-BF4B-00C04F79EFBC}") = "Specifications.NUnit.Tests", "Specifications\Tests\NUnit.Tests\Specifications.NUnit.Tests.csproj", "{1BE4B465-3CFA-42BE-AA3D-FBFE9C01DC16}"
EndProject
Project("{FAE04EC0-301F-11D3-BF4B-00C04F79EFBC}") = "Specifications.XUnit.Tests", "Specifications\Tests\XUnit.Tests\Specifications.XUnit.Tests.csproj", "{DD54B263-AFB3-474F-A581-ABCABA195219}"
EndProject
Global
	GlobalSection(SolutionConfigurationPlatforms) = preSolution
		Debug|Any CPU = Debug|Any CPU
		Release|Any CPU = Release|Any CPU
	EndGlobalSection
	GlobalSection(SolutionProperties) = preSolution
		HideSolutionNode = FALSE
	EndGlobalSection
	GlobalSection(ProjectConfigurationPlatforms) = postSolution
		{91BFA163-24C9-4E56-B85C-04F99A039A6F}.Debug|Any CPU.ActiveCfg = Debug|Any CPU
		{91BFA163-24C9-4E56-B85C-04F99A039A6F}.Debug|Any CPU.Build.0 = Debug|Any CPU
		{91BFA163-24C9-4E56-B85C-04F99A039A6F}.Release|Any CPU.ActiveCfg = Release|Any CPU
		{91BFA163-24C9-4E56-B85C-04F99A039A6F}.Release|Any CPU.Build.0 = Release|Any CPU
		{E7B624F3-7929-417B-A192-02B15D757D8B}.Debug|Any CPU.ActiveCfg = Debug|Any CPU
		{E7B624F3-7929-417B-A192-02B15D757D8B}.Debug|Any CPU.Build.0 = Debug|Any CPU
		{E7B624F3-7929-417B-A192-02B15D757D8B}.Release|Any CPU.ActiveCfg = Release|Any CPU
		{E7B624F3-7929-417B-A192-02B15D757D8B}.Release|Any CPU.Build.0 = Release|Any CPU
		{6F972641-A705-43D9-92B7-D6D8306930EA}.Debug|Any CPU.ActiveCfg = Debug|Any CPU
		{6F972641-A705-43D9-92B7-D6D8306930EA}.Debug|Any CPU.Build.0 = Debug|Any CPU
		{6F972641-A705-43D9-92B7-D6D8306930EA}.Release|Any CPU.ActiveCfg = Release|Any CPU
		{6F972641-A705-43D9-92B7-D6D8306930EA}.Release|Any CPU.Build.0 = Release|Any CPU
		{144AFDC2-29FF-43BB-92C6-BD09E05E0ABD}.Debug|Any CPU.ActiveCfg = Debug|Any CPU
		{144AFDC2-29FF-43BB-92C6-BD09E05E0ABD}.Debug|Any CPU.Build.0 = Debug|Any CPU
		{144AFDC2-29FF-43BB-92C6-BD09E05E0ABD}.Release|Any CPU.ActiveCfg = Release|Any CPU
		{144AFDC2-29FF-43BB-92C6-BD09E05E0ABD}.Release|Any CPU.Build.0 = Release|Any CPU
		{D8BA8598-FA0E-4359-80D1-E726D96F5EAB}.Debug|Any CPU.ActiveCfg = Debug|Any CPU
		{D8BA8598-FA0E-4359-80D1-E726D96F5EAB}.Debug|Any CPU.Build.0 = Debug|Any CPU
		{D8BA8598-FA0E-4359-80D1-E726D96F5EAB}.Release|Any CPU.ActiveCfg = Release|Any CPU
		{D8BA8598-FA0E-4359-80D1-E726D96F5EAB}.Release|Any CPU.Build.0 = Release|Any CPU
		{D2AAEBF9-0566-4A74-BE17-F01C68E30634}.Debug|Any CPU.ActiveCfg = Debug|Any CPU
		{D2AAEBF9-0566-4A74-BE17-F01C68E30634}.Debug|Any CPU.Build.0 = Debug|Any CPU
		{D2AAEBF9-0566-4A74-BE17-F01C68E30634}.Release|Any CPU.ActiveCfg = Release|Any CPU
		{D2AAEBF9-0566-4A74-BE17-F01C68E30634}.Release|Any CPU.Build.0 = Release|Any CPU
		{4E42A64A-AB2A-4C8E-890D-0C467B5218DD}.Debug|Any CPU.ActiveCfg = Debug|Any CPU
		{4E42A64A-AB2A-4C8E-890D-0C467B5218DD}.Debug|Any CPU.Build.0 = Debug|Any CPU
		{4E42A64A-AB2A-4C8E-890D-0C467B5218DD}.Release|Any CPU.ActiveCfg = Release|Any CPU
		{4E42A64A-AB2A-4C8E-890D-0C467B5218DD}.Release|Any CPU.Build.0 = Release|Any CPU
		{3BD2CA6B-9F54-4EA8-BC37-47CBD9F883BD}.Debug|Any CPU.ActiveCfg = Debug|Any CPU
		{3BD2CA6B-9F54-4EA8-BC37-47CBD9F883BD}.Debug|Any CPU.Build.0 = Debug|Any CPU
		{3BD2CA6B-9F54-4EA8-BC37-47CBD9F883BD}.Release|Any CPU.ActiveCfg = Release|Any CPU
		{3BD2CA6B-9F54-4EA8-BC37-47CBD9F883BD}.Release|Any CPU.Build.0 = Release|Any CPU
		{94905AA6-36E0-40DC-B39B-77E2C4DAD4FA}.Debug|Any CPU.ActiveCfg = Debug|Any CPU
		{94905AA6-36E0-40DC-B39B-77E2C4DAD4FA}.Debug|Any CPU.Build.0 = Debug|Any CPU
		{94905AA6-36E0-40DC-B39B-77E2C4DAD4FA}.Release|Any CPU.ActiveCfg = Release|Any CPU
		{94905AA6-36E0-40DC-B39B-77E2C4DAD4FA}.Release|Any CPU.Build.0 = Release|Any CPU
		{0A1AA0A3-A38F-4D41-9650-F14588196CF5}.Debug|Any CPU.ActiveCfg = Debug|Any CPU
		{0A1AA0A3-A38F-4D41-9650-F14588196CF5}.Debug|Any CPU.Build.0 = Debug|Any CPU
		{0A1AA0A3-A38F-4D41-9650-F14588196CF5}.Release|Any CPU.ActiveCfg = Release|Any CPU
		{0A1AA0A3-A38F-4D41-9650-F14588196CF5}.Release|Any CPU.Build.0 = Release|Any CPU
		{1BE4B465-3CFA-42BE-AA3D-FBFE9C01DC16}.Debug|Any CPU.ActiveCfg = Debug|Any CPU
		{1BE4B465-3CFA-42BE-AA3D-FBFE9C01DC16}.Debug|Any CPU.Build.0 = Debug|Any CPU
		{1BE4B465-3CFA-42BE-AA3D-FBFE9C01DC16}.Release|Any CPU.ActiveCfg = Release|Any CPU
		{1BE4B465-3CFA-42BE-AA3D-FBFE9C01DC16}.Release|Any CPU.Build.0 = Release|Any CPU
		{DD54B263-AFB3-474F-A581-ABCABA195219}.Debug|Any CPU.ActiveCfg = Debug|Any CPU
		{DD54B263-AFB3-474F-A581-ABCABA195219}.Debug|Any CPU.Build.0 = Debug|Any CPU
		{DD54B263-AFB3-474F-A581-ABCABA195219}.Release|Any CPU.ActiveCfg = Release|Any CPU
		{DD54B263-AFB3-474F-A581-ABCABA195219}.Release|Any CPU.Build.0 = Release|Any CPU
	EndGlobalSection
	GlobalSection(NestedProjects) = preSolution
		{7E4D1D32-1DA6-4CFD-ABAE-D4D0D3655E35} = {4EFA878F-3CC6-40C7-99EC-93FB03EE2EC4}
		{E7B624F3-7929-417B-A192-02B15D757D8B} = {7E4D1D32-1DA6-4CFD-ABAE-D4D0D3655E35}
		{6F972641-A705-43D9-92B7-D6D8306930EA} = {7E4D1D32-1DA6-4CFD-ABAE-D4D0D3655E35}
		{144AFDC2-29FF-43BB-92C6-BD09E05E0ABD} = {7E4D1D32-1DA6-4CFD-ABAE-D4D0D3655E35}
		{D8BA8598-FA0E-4359-80D1-E726D96F5EAB} = {4EFA878F-3CC6-40C7-99EC-93FB03EE2EC4}
		{D2AAEBF9-0566-4A74-BE17-F01C68E30634} = {694E033B-4A37-4C6F-8061-433F4DF84134}
		{4E42A64A-AB2A-4C8E-890D-0C467B5218DD} = {694E033B-4A37-4C6F-8061-433F4DF84134}
		{EA2ACD98-B1D5-4565-BCD4-D49993A4D3EF} = {3758E986-89BA-4904-B33A-D53FE2BF782A}
		{3BD2CA6B-9F54-4EA8-BC37-47CBD9F883BD} = {EA2ACD98-B1D5-4565-BCD4-D49993A4D3EF}
		{94905AA6-36E0-40DC-B39B-77E2C4DAD4FA} = {EA2ACD98-B1D5-4565-BCD4-D49993A4D3EF}
		{0A1AA0A3-A38F-4D41-9650-F14588196CF5} = {EA2ACD98-B1D5-4565-BCD4-D49993A4D3EF}
		{330FBD19-DC7A-4261-A92F-FEBA18F20B83} = {3758E986-89BA-4904-B33A-D53FE2BF782A}
		{1BE4B465-3CFA-42BE-AA3D-FBFE9C01DC16} = {330FBD19-DC7A-4261-A92F-FEBA18F20B83}
		{DD54B263-AFB3-474F-A581-ABCABA195219} = {330FBD19-DC7A-4261-A92F-FEBA18F20B83}
	EndGlobalSection
EndGlobal
