
Microsoft Visual Studio Solution File, Format Version 12.00
# Visual Studio Version 17
VisualStudioVersion = 17.0.31903.59
MinimumVisualStudioVersion = 10.0.40219.1
Project("{FAE04EC0-301F-11D3-BF4B-00C04F79EFBC}") = "Woksin.Extensions", "All\Woksin.Extensions.csproj", "{91BFA163-24C9-4E56-B85C-04F99A039A6F}"
EndProject
Project("{2150E333-8FDC-42A3-9474-1A3956D46DE8}") = "IoC", "IoC", "{4EFA878F-3CC6-40C7-99EC-93FB03EE2EC4}"
EndProject
Project("{2150E333-8FDC-42A3-9474-1A3956D46DE8}") = "Source", "Source", "{7E4D1D32-1DA6-4CFD-ABAE-D4D0D3655E35}"
EndProject
Project("{FAE04EC0-301F-11D3-BF4B-00C04F79EFBC}") = "IoC.Autofac", "IoC\Source\Autofac\IoC.Autofac.csproj", "{E7B624F3-7929-417B-A192-02B15D757D8B}"
EndProject
Project("{FAE04EC0-301F-11D3-BF4B-00C04F79EFBC}") = "IoC.Core", "IoC\Source\Core\IoC.Core.csproj", "{6F972641-A705-43D9-92B7-D6D8306930EA}"
EndProject
Project("{FAE04EC0-301F-11D3-BF4B-00C04F79EFBC}") = "IoC.Microsoft", "IoC\Source\Microsoft\IoC.Microsoft.csproj", "{144AFDC2-29FF-43BB-92C6-BD09E05E0ABD}"
EndProject
Project("{FAE04EC0-301F-11D3-BF4B-00C04F79EFBC}") = "IoC.Tests", "IoC\Tests\IoC.Tests.csproj", "{D8BA8598-FA0E-4359-80D1-E726D96F5EAB}"
EndProject
Project("{2150E333-8FDC-42A3-9474-1A3956D46DE8}") = "Specifications", "Specifications", "{3758E986-89BA-4904-B33A-D53FE2BF782A}"
EndProject
Project("{2150E333-8FDC-42A3-9474-1A3956D46DE8}") = "Source", "Source", "{EA2ACD98-B1D5-4565-BCD4-D49993A4D3EF}"
EndProject
Project("{FAE04EC0-301F-11D3-BF4B-00C04F79EFBC}") = "Specifications.Abstractions", "Specifications\Source\Abstractions\Specifications.Abstractions.csproj", "{3BD2CA6B-9F54-4EA8-BC37-47CBD9F883BD}"
EndProject
Project("{FAE04EC0-301F-11D3-BF4B-00C04F79EFBC}") = "Specifications.NUnit", "Specifications\Source\NUnit\Specifications.NUnit.csproj", "{94905AA6-36E0-40DC-B39B-77E2C4DAD4FA}"
EndProject
Project("{FAE04EC0-301F-11D3-BF4B-00C04F79EFBC}") = "Specifications.XUnit", "Specifications\Source\XUnit\Specifications.XUnit.csproj", "{0A1AA0A3-A38F-4D41-9650-F14588196CF5}"
EndProject
Project("{2150E333-8FDC-42A3-9474-1A3956D46DE8}") = "Tests", "Tests", "{330FBD19-DC7A-4261-A92F-FEBA18F20B83}"
EndProject
Project("{FAE04EC0-301F-11D3-BF4B-00C04F79EFBC}") = "Specifications.NUnit.Tests", "Specifications\Tests\NUnit.Tests\Specifications.NUnit.Tests.csproj", "{1BE4B465-3CFA-42BE-AA3D-FBFE9C01DC16}"
EndProject
Project("{FAE04EC0-301F-11D3-BF4B-00C04F79EFBC}") = "Specifications.XUnit.Tests", "Specifications\Tests\XUnit.Tests\Specifications.XUnit.Tests.csproj", "{DD54B263-AFB3-474F-A581-ABCABA195219}"
EndProject
Project("{FAE04EC0-301F-11D3-BF4B-00C04F79EFBC}") = "Specifications.MSTest", "Specifications\Source\MSTest\Specifications.MSTest.csproj", "{D22F5BE0-B96E-4DEF-8275-773E12539530}"
EndProject
Project("{FAE04EC0-301F-11D3-BF4B-00C04F79EFBC}") = "Specifications.MSTest.Tests", "Specifications\Tests\MSTest.Tests\Specifications.MSTest.Tests.csproj", "{38E6B8F0-5D97-4737-9556-FAF38B16A4A4}"
EndProject
Project("{2150E333-8FDC-42A3-9474-1A3956D46DE8}") = "Configurations", "Configurations", "{FCDC8B05-C2F7-41F1-8EF4-367CCB08CBF8}"
EndProject
Project("{2150E333-8FDC-42A3-9474-1A3956D46DE8}") = "Source", "Source", "{3E5C4E97-FFAE-4822-A5BF-F4C6DBBD3829}"
EndProject
Project("{FAE04EC0-301F-11D3-BF4B-00C04F79EFBC}") = "Configurations.Base", "Configurations\Source\Base\Configurations.Base.csproj", "{34A1D6B0-7BD7-404E-BC68-19BFB973E562}"
EndProject
Project("{FAE04EC0-301F-11D3-BF4B-00C04F79EFBC}") = "Configurations.Core", "Configurations\Source\Core\Configurations.Core.csproj", "{1D4937B4-0FB0-43A2-9802-CF3231FBA1C4}"
EndProject
Project("{FAE04EC0-301F-11D3-BF4B-00C04F79EFBC}") = "Configurations.Tenancy", "Configurations\Source\Tenancy\Configurations.Tenancy.csproj", "{2D41C64B-DD9B-4582-B137-99135CCC416C}"
EndProject
Project("{2150E333-8FDC-42A3-9474-1A3956D46DE8}") = "Tests", "Tests", "{39B05EC1-96F5-40CF-89D8-58DAAF2D5250}"
EndProject
Project("{FAE04EC0-301F-11D3-BF4B-00C04F79EFBC}") = "Configurations.Base.Tests", "Configurations\Tests\Base\Configurations.Base.Tests.csproj", "{D107BF81-09BE-4896-9289-7E6D36BDA8CE}"
EndProject
Project("{FAE04EC0-301F-11D3-BF4B-00C04F79EFBC}") = "Configurations.Tenancy.Tests", "Configurations\Tests\Tenancy\Configurations.Tenancy.Tests.csproj", "{BBAAA9D1-50E6-4440-9E08-4EE20A7B5B6E}"
EndProject
Global
	GlobalSection(SolutionConfigurationPlatforms) = preSolution
		Debug|Any CPU = Debug|Any CPU
		Release|Any CPU = Release|Any CPU
	EndGlobalSection
	GlobalSection(SolutionProperties) = preSolution
		HideSolutionNode = FALSE
	EndGlobalSection
	GlobalSection(ProjectConfigurationPlatforms) = postSolution
		{91BFA163-24C9-4E56-B85C-04F99A039A6F}.Debug|Any CPU.ActiveCfg = Debug|Any CPU
		{91BFA163-24C9-4E56-B85C-04F99A039A6F}.Debug|Any CPU.Build.0 = Debug|Any CPU
		{91BFA163-24C9-4E56-B85C-04F99A039A6F}.Release|Any CPU.ActiveCfg = Release|Any CPU
		{91BFA163-24C9-4E56-B85C-04F99A039A6F}.Release|Any CPU.Build.0 = Release|Any CPU
		{E7B624F3-7929-417B-A192-02B15D757D8B}.Debug|Any CPU.ActiveCfg = Debug|Any CPU
		{E7B624F3-7929-417B-A192-02B15D757D8B}.Debug|Any CPU.Build.0 = Debug|Any CPU
		{E7B624F3-7929-417B-A192-02B15D757D8B}.Release|Any CPU.ActiveCfg = Release|Any CPU
		{E7B624F3-7929-417B-A192-02B15D757D8B}.Release|Any CPU.Build.0 = Release|Any CPU
		{6F972641-A705-43D9-92B7-D6D8306930EA}.Debug|Any CPU.ActiveCfg = Debug|Any CPU
		{6F972641-A705-43D9-92B7-D6D8306930EA}.Debug|Any CPU.Build.0 = Debug|Any CPU
		{6F972641-A705-43D9-92B7-D6D8306930EA}.Release|Any CPU.ActiveCfg = Release|Any CPU
		{6F972641-A705-43D9-92B7-D6D8306930EA}.Release|Any CPU.Build.0 = Release|Any CPU
		{144AFDC2-29FF-43BB-92C6-BD09E05E0ABD}.Debug|Any CPU.ActiveCfg = Debug|Any CPU
		{144AFDC2-29FF-43BB-92C6-BD09E05E0ABD}.Debug|Any CPU.Build.0 = Debug|Any CPU
		{144AFDC2-29FF-43BB-92C6-BD09E05E0ABD}.Release|Any CPU.ActiveCfg = Release|Any CPU
		{144AFDC2-29FF-43BB-92C6-BD09E05E0ABD}.Release|Any CPU.Build.0 = Release|Any CPU
		{D8BA8598-FA0E-4359-80D1-E726D96F5EAB}.Debug|Any CPU.ActiveCfg = Debug|Any CPU
		{D8BA8598-FA0E-4359-80D1-E726D96F5EAB}.Debug|Any CPU.Build.0 = Debug|Any CPU
		{D8BA8598-FA0E-4359-80D1-E726D96F5EAB}.Release|Any CPU.ActiveCfg = Release|Any CPU
		{D8BA8598-FA0E-4359-80D1-E726D96F5EAB}.Release|Any CPU.Build.0 = Release|Any CPU
		{3BD2CA6B-9F54-4EA8-BC37-47CBD9F883BD}.Debug|Any CPU.ActiveCfg = Debug|Any CPU
		{3BD2CA6B-9F54-4EA8-BC37-47CBD9F883BD}.Debug|Any CPU.Build.0 = Debug|Any CPU
		{3BD2CA6B-9F54-4EA8-BC37-47CBD9F883BD}.Release|Any CPU.ActiveCfg = Release|Any CPU
		{3BD2CA6B-9F54-4EA8-BC37-47CBD9F883BD}.Release|Any CPU.Build.0 = Release|Any CPU
		{94905AA6-36E0-40DC-B39B-77E2C4DAD4FA}.Debug|Any CPU.ActiveCfg = Debug|Any CPU
		{94905AA6-36E0-40DC-B39B-77E2C4DAD4FA}.Debug|Any CPU.Build.0 = Debug|Any CPU
		{94905AA6-36E0-40DC-B39B-77E2C4DAD4FA}.Release|Any CPU.ActiveCfg = Release|Any CPU
		{94905AA6-36E0-40DC-B39B-77E2C4DAD4FA}.Release|Any CPU.Build.0 = Release|Any CPU
		{0A1AA0A3-A38F-4D41-9650-F14588196CF5}.Debug|Any CPU.ActiveCfg = Debug|Any CPU
		{0A1AA0A3-A38F-4D41-9650-F14588196CF5}.Debug|Any CPU.Build.0 = Debug|Any CPU
		{0A1AA0A3-A38F-4D41-9650-F14588196CF5}.Release|Any CPU.ActiveCfg = Release|Any CPU
		{0A1AA0A3-A38F-4D41-9650-F14588196CF5}.Release|Any CPU.Build.0 = Release|Any CPU
		{1BE4B465-3CFA-42BE-AA3D-FBFE9C01DC16}.Debug|Any CPU.ActiveCfg = Debug|Any CPU
		{1BE4B465-3CFA-42BE-AA3D-FBFE9C01DC16}.Debug|Any CPU.Build.0 = Debug|Any CPU
		{1BE4B465-3CFA-42BE-AA3D-FBFE9C01DC16}.Release|Any CPU.ActiveCfg = Release|Any CPU
		{1BE4B465-3CFA-42BE-AA3D-FBFE9C01DC16}.Release|Any CPU.Build.0 = Release|Any CPU
		{DD54B263-AFB3-474F-A581-ABCABA195219}.Debug|Any CPU.ActiveCfg = Debug|Any CPU
		{DD54B263-AFB3-474F-A581-ABCABA195219}.Debug|Any CPU.Build.0 = Debug|Any CPU
		{DD54B263-AFB3-474F-A581-ABCABA195219}.Release|Any CPU.ActiveCfg = Release|Any CPU
		{DD54B263-AFB3-474F-A581-ABCABA195219}.Release|Any CPU.Build.0 = Release|Any CPU
		{D22F5BE0-B96E-4DEF-8275-773E12539530}.Debug|Any CPU.ActiveCfg = Debug|Any CPU
		{D22F5BE0-B96E-4DEF-8275-773E12539530}.Debug|Any CPU.Build.0 = Debug|Any CPU
		{D22F5BE0-B96E-4DEF-8275-773E12539530}.Release|Any CPU.ActiveCfg = Release|Any CPU
		{D22F5BE0-B96E-4DEF-8275-773E12539530}.Release|Any CPU.Build.0 = Release|Any CPU
		{38E6B8F0-5D97-4737-9556-FAF38B16A4A4}.Debug|Any CPU.ActiveCfg = Debug|Any CPU
		{38E6B8F0-5D97-4737-9556-FAF38B16A4A4}.Debug|Any CPU.Build.0 = Debug|Any CPU
		{38E6B8F0-5D97-4737-9556-FAF38B16A4A4}.Release|Any CPU.ActiveCfg = Release|Any CPU
		{38E6B8F0-5D97-4737-9556-FAF38B16A4A4}.Release|Any CPU.Build.0 = Release|Any CPU
		{34A1D6B0-7BD7-404E-BC68-19BFB973E562}.Debug|Any CPU.ActiveCfg = Debug|Any CPU
		{34A1D6B0-7BD7-404E-BC68-19BFB973E562}.Debug|Any CPU.Build.0 = Debug|Any CPU
		{34A1D6B0-7BD7-404E-BC68-19BFB973E562}.Release|Any CPU.ActiveCfg = Release|Any CPU
		{34A1D6B0-7BD7-404E-BC68-19BFB973E562}.Release|Any CPU.Build.0 = Release|Any CPU
		{1D4937B4-0FB0-43A2-9802-CF3231FBA1C4}.Debug|Any CPU.ActiveCfg = Debug|Any CPU
		{1D4937B4-0FB0-43A2-9802-CF3231FBA1C4}.Debug|Any CPU.Build.0 = Debug|Any CPU
		{1D4937B4-0FB0-43A2-9802-CF3231FBA1C4}.Release|Any CPU.ActiveCfg = Release|Any CPU
		{1D4937B4-0FB0-43A2-9802-CF3231FBA1C4}.Release|Any CPU.Build.0 = Release|Any CPU
		{2D41C64B-DD9B-4582-B137-99135CCC416C}.Debug|Any CPU.ActiveCfg = Debug|Any CPU
		{2D41C64B-DD9B-4582-B137-99135CCC416C}.Debug|Any CPU.Build.0 = Debug|Any CPU
		{2D41C64B-DD9B-4582-B137-99135CCC416C}.Release|Any CPU.ActiveCfg = Release|Any CPU
		{2D41C64B-DD9B-4582-B137-99135CCC416C}.Release|Any CPU.Build.0 = Release|Any CPU
		{D107BF81-09BE-4896-9289-7E6D36BDA8CE}.Debug|Any CPU.ActiveCfg = Debug|Any CPU
		{D107BF81-09BE-4896-9289-7E6D36BDA8CE}.Debug|Any CPU.Build.0 = Debug|Any CPU
		{D107BF81-09BE-4896-9289-7E6D36BDA8CE}.Release|Any CPU.ActiveCfg = Release|Any CPU
		{D107BF81-09BE-4896-9289-7E6D36BDA8CE}.Release|Any CPU.Build.0 = Release|Any CPU
		{BBAAA9D1-50E6-4440-9E08-4EE20A7B5B6E}.Debug|Any CPU.ActiveCfg = Debug|Any CPU
		{BBAAA9D1-50E6-4440-9E08-4EE20A7B5B6E}.Debug|Any CPU.Build.0 = Debug|Any CPU
		{BBAAA9D1-50E6-4440-9E08-4EE20A7B5B6E}.Release|Any CPU.ActiveCfg = Release|Any CPU
		{BBAAA9D1-50E6-4440-9E08-4EE20A7B5B6E}.Release|Any CPU.Build.0 = Release|Any CPU
	EndGlobalSection
	GlobalSection(NestedProjects) = preSolution
		{7E4D1D32-1DA6-4CFD-ABAE-D4D0D3655E35} = {4EFA878F-3CC6-40C7-99EC-93FB03EE2EC4}
		{E7B624F3-7929-417B-A192-02B15D757D8B} = {7E4D1D32-1DA6-4CFD-ABAE-D4D0D3655E35}
		{6F972641-A705-43D9-92B7-D6D8306930EA} = {7E4D1D32-1DA6-4CFD-ABAE-D4D0D3655E35}
		{144AFDC2-29FF-43BB-92C6-BD09E05E0ABD} = {7E4D1D32-1DA6-4CFD-ABAE-D4D0D3655E35}
		{D8BA8598-FA0E-4359-80D1-E726D96F5EAB} = {4EFA878F-3CC6-40C7-99EC-93FB03EE2EC4}
		{EA2ACD98-B1D5-4565-BCD4-D49993A4D3EF} = {3758E986-89BA-4904-B33A-D53FE2BF782A}
		{3BD2CA6B-9F54-4EA8-BC37-47CBD9F883BD} = {EA2ACD98-B1D5-4565-BCD4-D49993A4D3EF}
		{94905AA6-36E0-40DC-B39B-77E2C4DAD4FA} = {EA2ACD98-B1D5-4565-BCD4-D49993A4D3EF}
		{0A1AA0A3-A38F-4D41-9650-F14588196CF5} = {EA2ACD98-B1D5-4565-BCD4-D49993A4D3EF}
		{330FBD19-DC7A-4261-A92F-FEBA18F20B83} = {3758E986-89BA-4904-B33A-D53FE2BF782A}
		{1BE4B465-3CFA-42BE-AA3D-FBFE9C01DC16} = {330FBD19-DC7A-4261-A92F-FEBA18F20B83}
		{DD54B263-AFB3-474F-A581-ABCABA195219} = {330FBD19-DC7A-4261-A92F-FEBA18F20B83}
		{D22F5BE0-B96E-4DEF-8275-773E12539530} = {EA2ACD98-B1D5-4565-BCD4-D49993A4D3EF}
		{38E6B8F0-5D97-4737-9556-FAF38B16A4A4} = {330FBD19-DC7A-4261-A92F-FEBA18F20B83}
		{3E5C4E97-FFAE-4822-A5BF-F4C6DBBD3829} = {FCDC8B05-C2F7-41F1-8EF4-367CCB08CBF8}
		{34A1D6B0-7BD7-404E-BC68-19BFB973E562} = {3E5C4E97-FFAE-4822-A5BF-F4C6DBBD3829}
		{1D4937B4-0FB0-43A2-9802-CF3231FBA1C4} = {3E5C4E97-FFAE-4822-A5BF-F4C6DBBD3829}
		{2D41C64B-DD9B-4582-B137-99135CCC416C} = {3E5C4E97-FFAE-4822-A5BF-F4C6DBBD3829}
		{39B05EC1-96F5-40CF-89D8-58DAAF2D5250} = {FCDC8B05-C2F7-41F1-8EF4-367CCB08CBF8}
		{D107BF81-09BE-4896-9289-7E6D36BDA8CE} = {39B05EC1-96F5-40CF-89D8-58DAAF2D5250}
		{BBAAA9D1-50E6-4440-9E08-4EE20A7B5B6E} = {39B05EC1-96F5-40CF-89D8-58DAAF2D5250}
	EndGlobalSection
EndGlobal
