
Microsoft Visual Studio Solution File, Format Version 12.00
# Visual Studio Version 17
VisualStudioVersion = 17.0.31903.59
MinimumVisualStudioVersion = 10.0.40219.1
Project("{2150E333-8FDC-42A3-9474-1A3956D46DE8}") = "Source", "Source", "{4D9D42A9-B80B-4C01-B162-FC5036688F10}"
EndProject
Project("{FAE04EC0-301F-11D3-BF4B-00C04F79EFBC}") = "IoC.Autofac", "Source\Autofac\IoC.Autofac.csproj", "{5E73E4EA-3B46-49D3-A965-948EFEBAEBF5}"
EndProject
Project("{FAE04EC0-301F-11D3-BF4B-00C04F79EFBC}") = "IoC.Core", "Source\Core\IoC.Core.csproj", "{248B6DB0-D3B7-4E4E-8C74-C7FDF5696596}"
EndProject
Project("{FAE04EC0-301F-11D3-BF4B-00C04F79EFBC}") = "IoC.Microsoft", "Source\Microsoft\IoC.Microsoft.csproj", "{21206A85-12C6-46EF-AACE-E6EBAA9E9F07}"
EndProject
Project("{FAE04EC0-301F-11D3-BF4B-00C04F79EFBC}") = "IoC.Tests", "Tests\IoC.Tests.csproj", "{8B2151B1-49F2-44A7-901C-C4226F709F40}"
EndProject
Global
	GlobalSection(SolutionConfigurationPlatforms) = preSolution
		Debug|Any CPU = Debug|Any CPU
		Release|Any CPU = Release|Any CPU
	EndGlobalSection
	GlobalSection(SolutionProperties) = preSolution
		HideSolutionNode = FALSE
	EndGlobalSection
	GlobalSection(ProjectConfigurationPlatforms) = postSolution
		{5E73E4EA-3B46-49D3-A965-948EFEBAEBF5}.Debug|Any CPU.ActiveCfg = Debug|Any CPU
		{5E73E4EA-3B46-49D3-A965-948EFEBAEBF5}.Debug|Any CPU.Build.0 = Debug|Any CPU
		{5E73E4EA-3B46-49D3-A965-948EFEBAEBF5}.Release|Any CPU.ActiveCfg = Release|Any CPU
		{5E73E4EA-3B46-49D3-A965-948EFEBAEBF5}.Release|Any CPU.Build.0 = Release|Any CPU
		{248B6DB0-D3B7-4E4E-8C74-C7FDF5696596}.Debug|Any CPU.ActiveCfg = Debug|Any CPU
		{248B6DB0-D3B7-4E4E-8C74-C7FDF5696596}.Debug|Any CPU.Build.0 = Debug|Any CPU
		{248B6DB0-D3B7-4E4E-8C74-C7FDF5696596}.Release|Any CPU.ActiveCfg = Release|Any CPU
		{248B6DB0-D3B7-4E4E-8C74-C7FDF5696596}.Release|Any CPU.Build.0 = Release|Any CPU
		{21206A85-12C6-46EF-AACE-E6EBAA9E9F07}.Debug|Any CPU.ActiveCfg = Debug|Any CPU
		{21206A85-12C6-46EF-AACE-E6EBAA9E9F07}.Debug|Any CPU.Build.0 = Debug|Any CPU
		{21206A85-12C6-46EF-AACE-E6EBAA9E9F07}.Release|Any CPU.ActiveCfg = Release|Any CPU
		{21206A85-12C6-46EF-AACE-E6EBAA9E9F07}.Release|Any CPU.Build.0 = Release|Any CPU
		{8B2151B1-49F2-44A7-901C-C4226F709F40}.Debug|Any CPU.ActiveCfg = Debug|Any CPU
		{8B2151B1-49F2-44A7-901C-C4226F709F40}.Debug|Any CPU.Build.0 = Debug|Any CPU
		{8B2151B1-49F2-44A7-901C-C4226F709F40}.Release|Any CPU.ActiveCfg = Release|Any CPU
		{8B2151B1-49F2-44A7-901C-C4226F709F40}.Release|Any CPU.Build.0 = Release|Any CPU
	EndGlobalSection
	GlobalSection(NestedProjects) = preSolution
		{5E73E4EA-3B46-49D3-A965-948EFEBAEBF5} = {4D9D42A9-B80B-4C01-B162-FC5036688F10}
		{248B6DB0-D3B7-4E4E-8C74-C7FDF5696596} = {4D9D42A9-B80B-4C01-B162-FC5036688F10}
		{21206A85-12C6-46EF-AACE-E6EBAA9E9F07} = {4D9D42A9-B80B-4C01-B162-FC5036688F10}
	EndGlobalSection
EndGlobal
